// !$*UTF8*$!
{
	archiveVersion = 1;
	classes = {
	};
	objectVersion = 46;
	objects = {

/* Begin PBXBuildFile section */
		022670B11F1E1F9100B56E1A /* AppDelegate.swift in Sources */ = {isa = PBXBuildFile; fileRef = 022670B01F1E1F9100B56E1A /* AppDelegate.swift */; };
		022670B31F1E1F9100B56E1A /* WeatherVC.swift in Sources */ = {isa = PBXBuildFile; fileRef = 022670B21F1E1F9100B56E1A /* WeatherVC.swift */; };
		022670B61F1E1F9100B56E1A /* Main.storyboard in Resources */ = {isa = PBXBuildFile; fileRef = 022670B41F1E1F9100B56E1A /* Main.storyboard */; };
		022670B81F1E1F9100B56E1A /* Assets.xcassets in Resources */ = {isa = PBXBuildFile; fileRef = 022670B71F1E1F9100B56E1A /* Assets.xcassets */; };
		022670BB1F1E1F9100B56E1A /* LaunchScreen.storyboard in Resources */ = {isa = PBXBuildFile; fileRef = 022670B91F1E1F9100B56E1A /* LaunchScreen.storyboard */; };
		02592E421F1E58C400AF89AC /* Constants.swift in Sources */ = {isa = PBXBuildFile; fileRef = 02592E411F1E58C400AF89AC /* Constants.swift */; };
		02592E441F1E5B0900AF89AC /* CurrentWeather.swift in Sources */ = {isa = PBXBuildFile; fileRef = 02592E431F1E5B0900AF89AC /* CurrentWeather.swift */; };
		02592E461F1F70DC00AF89AC /* Forecast.swift in Sources */ = {isa = PBXBuildFile; fileRef = 02592E451F1F70DC00AF89AC /* Forecast.swift */; };
		02592E481F1F7A4D00AF89AC /* WeatherCell.swift in Sources */ = {isa = PBXBuildFile; fileRef = 02592E471F1F7A4D00AF89AC /* WeatherCell.swift */; };
		02592E4A1F1F80FC00AF89AC /* Location.swift in Sources */ = {isa = PBXBuildFile; fileRef = 02592E491F1F80FC00AF89AC /* Location.swift */; };
		6D2E415E5BA33BDC4A1FF19D /* Pods_rainyshiny.framework in Frameworks */ = {isa = PBXBuildFile; fileRef = 6A052F07A7B2555AC29E587A /* Pods_rainyshiny.framework */; };
/* End PBXBuildFile section */

/* Begin PBXFileReference section */
		022670AD1F1E1F9100B56E1A /* rainyshiny.app */ = {isa = PBXFileReference; explicitFileType = wrapper.application; includeInIndex = 0; path = rainyshiny.app; sourceTree = BUILT_PRODUCTS_DIR; };
		022670B01F1E1F9100B56E1A /* AppDelegate.swift */ = {isa = PBXFileReference; lastKnownFileType = sourcecode.swift; path = AppDelegate.swift; sourceTree = "<group>"; };
		022670B21F1E1F9100B56E1A /* WeatherVC.swift */ = {isa = PBXFileReference; lastKnownFileType = sourcecode.swift; path = WeatherVC.swift; sourceTree = "<group>"; };
		022670B51F1E1F9100B56E1A /* Base */ = {isa = PBXFileReference; lastKnownFileType = file.storyboard; name = Base; path = Base.lproj/Main.storyboard; sourceTree = "<group>"; };
		022670B71F1E1F9100B56E1A /* Assets.xcassets */ = {isa = PBXFileReference; lastKnownFileType = folder.assetcatalog; path = Assets.xcassets; sourceTree = "<group>"; };
		022670BA1F1E1F9100B56E1A /* Base */ = {isa = PBXFileReference; lastKnownFileType = file.storyboard; name = Base; path = Base.lproj/LaunchScreen.storyboard; sourceTree = "<group>"; };
		022670BC1F1E1F9100B56E1A /* Info.plist */ = {isa = PBXFileReference; lastKnownFileType = text.plist.xml; path = Info.plist; sourceTree = "<group>"; };
		02592E411F1E58C400AF89AC /* Constants.swift */ = {isa = PBXFileReference; fileEncoding = 4; lastKnownFileType = sourcecode.swift; path = Constants.swift; sourceTree = "<group>"; };
		02592E431F1E5B0900AF89AC /* CurrentWeather.swift */ = {isa = PBXFileReference; fileEncoding = 4; lastKnownFileType = sourcecode.swift; path = CurrentWeather.swift; sourceTree = "<group>"; };
		02592E451F1F70DC00AF89AC /* Forecast.swift */ = {isa = PBXFileReference; fileEncoding = 4; lastKnownFileType = sourcecode.swift; path = Forecast.swift; sourceTree = "<group>"; };
		02592E471F1F7A4D00AF89AC /* WeatherCell.swift */ = {isa = PBXFileReference; fileEncoding = 4; lastKnownFileType = sourcecode.swift; path = WeatherCell.swift; sourceTree = "<group>"; };
		02592E491F1F80FC00AF89AC /* Location.swift */ = {isa = PBXFileReference; fileEncoding = 4; lastKnownFileType = sourcecode.swift; path = Location.swift; sourceTree = "<group>"; };
		1B30BBFE5F85DC63D1286F95 /* Pods-rainyshiny.debug.xcconfig */ = {isa = PBXFileReference; includeInIndex = 1; lastKnownFileType = text.xcconfig; name = "Pods-rainyshiny.debug.xcconfig"; path = "Pods/Target Support Files/Pods-rainyshiny/Pods-rainyshiny.debug.xcconfig"; sourceTree = "<group>"; };
		6A052F07A7B2555AC29E587A /* Pods_rainyshiny.framework */ = {isa = PBXFileReference; explicitFileType = wrapper.framework; includeInIndex = 0; path = Pods_rainyshiny.framework; sourceTree = BUILT_PRODUCTS_DIR; };
		8FC8108293ECF8FE1B64D043 /* Pods-rainyshiny.release.xcconfig */ = {isa = PBXFileReference; includeInIndex = 1; lastKnownFileType = text.xcconfig; name = "Pods-rainyshiny.release.xcconfig"; path = "Pods/Target Support Files/Pods-rainyshiny/Pods-rainyshiny.release.xcconfig"; sourceTree = "<group>"; };
/* End PBXFileReference section */

/* Begin PBXFrameworksBuildPhase section */
		022670AA1F1E1F9100B56E1A /* Frameworks */ = {
			isa = PBXFrameworksBuildPhase;
			buildActionMask = 2147483647;
			files = (
				6D2E415E5BA33BDC4A1FF19D /* Pods_rainyshiny.framework in Frameworks */,
			);
			runOnlyForDeploymentPostprocessing = 0;
		};
/* End PBXFrameworksBuildPhase section */

/* Begin PBXGroup section */
		022670A41F1E1F9100B56E1A = {
			isa = PBXGroup;
			children = (
				022670AF1F1E1F9100B56E1A /* rainyshiny */,
				022670AE1F1E1F9100B56E1A /* Products */,
				3CC5512A0A3DE8FD8A8EC875 /* Pods */,
				2957EE2ED91528525CD1A055 /* Frameworks */,
			);
			sourceTree = "<group>";
		};
		022670AE1F1E1F9100B56E1A /* Products */ = {
			isa = PBXGroup;
			children = (
				022670AD1F1E1F9100B56E1A /* rainyshiny.app */,
			);
			name = Products;
			sourceTree = "<group>";
		};
		022670AF1F1E1F9100B56E1A /* rainyshiny */ = {
			isa = PBXGroup;
			children = (
				022670B01F1E1F9100B56E1A /* AppDelegate.swift */,
				022670B21F1E1F9100B56E1A /* WeatherVC.swift */,
				022670B41F1E1F9100B56E1A /* Main.storyboard */,
				022670B71F1E1F9100B56E1A /* Assets.xcassets */,
				022670B91F1E1F9100B56E1A /* LaunchScreen.storyboard */,
				022670BC1F1E1F9100B56E1A /* Info.plist */,
				02592E411F1E58C400AF89AC /* Constants.swift */,
				02592E431F1E5B0900AF89AC /* CurrentWeather.swift */,
				02592E451F1F70DC00AF89AC /* Forecast.swift */,
				02592E471F1F7A4D00AF89AC /* WeatherCell.swift */,
				02592E491F1F80FC00AF89AC /* Location.swift */,
			);
			path = rainyshiny;
			sourceTree = "<group>";
		};
		2957EE2ED91528525CD1A055 /* Frameworks */ = {
			isa = PBXGroup;
			children = (
				6A052F07A7B2555AC29E587A /* Pods_rainyshiny.framework */,
			);
			name = Frameworks;
			sourceTree = "<group>";
		};
		3CC5512A0A3DE8FD8A8EC875 /* Pods */ = {
			isa = PBXGroup;
			children = (
				1B30BBFE5F85DC63D1286F95 /* Pods-rainyshiny.debug.xcconfig */,
				8FC8108293ECF8FE1B64D043 /* Pods-rainyshiny.release.xcconfig */,
			);
			name = Pods;
			sourceTree = "<group>";
		};
/* End PBXGroup section */

/* Begin PBXNativeTarget section */
		022670AC1F1E1F9100B56E1A /* rainyshiny */ = {
			isa = PBXNativeTarget;
			buildConfigurationList = 022670BF1F1E1F9100B56E1A /* Build configuration list for PBXNativeTarget "rainyshiny" */;
			buildPhases = (
				2148DA671730AEDA9D43FA38 /* [CP] Check Pods Manifest.lock */,
				022670A91F1E1F9100B56E1A /* Sources */,
				022670AA1F1E1F9100B56E1A /* Frameworks */,
				022670AB1F1E1F9100B56E1A /* Resources */,
				368F975B6D183BAE1CBB1663 /* [CP] Embed Pods Frameworks */,
				6C5C5594034003AA70BB5BA6 /* [CP] Copy Pods Resources */,
			);
			buildRules = (
			);
			dependencies = (
			);
			name = rainyshiny;
			productName = rainyshiny;
			productReference = 022670AD1F1E1F9100B56E1A /* rainyshiny.app */;
			productType = "com.apple.product-type.application";
		};
/* End PBXNativeTarget section */

/* Begin PBXProject section */
		022670A51F1E1F9100B56E1A /* Project object */ = {
			isa = PBXProject;
			attributes = {
				LastSwiftUpdateCheck = 0830;
				LastUpgradeCheck = 0830;
				ORGANIZATIONNAME = hey;
				TargetAttributes = {
					022670AC1F1E1F9100B56E1A = {
						CreatedOnToolsVersion = 8.3.3;
						DevelopmentTeam = 3T2KKSBXT7;
						ProvisioningStyle = Automatic;
					};
				};
			};
			buildConfigurationList = 022670A81F1E1F9100B56E1A /* Build configuration list for PBXProject "rainyshiny" */;
			compatibilityVersion = "Xcode 3.2";
			developmentRegion = English;
			hasScannedForEncodings = 0;
			knownRegions = (
				en,
				Base,
			);
			mainGroup = 022670A41F1E1F9100B56E1A;
			productRefGroup = 022670AE1F1E1F9100B56E1A /* Products */;
			projectDirPath = "";
			projectRoot = "";
			targets = (
				022670AC1F1E1F9100B56E1A /* rainyshiny */,
			);
		};
/* End PBXProject section */

/* Begin PBXResourcesBuildPhase section */
		022670AB1F1E1F9100B56E1A /* Resources */ = {
			isa = PBXResourcesBuildPhase;
			buildActionMask = 2147483647;
			files = (
				022670BB1F1E1F9100B56E1A /* LaunchScreen.storyboard in Resources */,
				022670B81F1E1F9100B56E1A /* Assets.xcassets in Resources */,
				022670B61F1E1F9100B56E1A /* Main.storyboard in Resources */,
			);
			runOnlyForDeploymentPostprocessing = 0;
		};
/* End PBXResourcesBuildPhase section */

/* Begin PBXShellScriptBuildPhase section */
		2148DA671730AEDA9D43FA38 /* [CP] Check Pods Manifest.lock */ = {
			isa = PBXShellScriptBuildPhase;
			buildActionMask = 2147483647;
			files = (
			);
			inputPaths = (
			);
			name = "[CP] Check Pods Manifest.lock";
			outputPaths = (
			);
			runOnlyForDeploymentPostprocessing = 0;
			shellPath = /bin/sh;
			shellScript = "diff \"${PODS_PODFILE_DIR_PATH}/Podfile.lock\" \"${PODS_ROOT}/Manifest.lock\" > /dev/null\nif [ $? != 0 ] ; then\n    # print error to STDERR\n    echo \"error: The sandbox is not in sync with the Podfile.lock. Run 'pod install' or update your CocoaPods installation.\" >&2\n    exit 1\nfi\n";
			showEnvVarsInLog = 0;
		};
		368F975B6D183BAE1CBB1663 /* [CP] Embed Pods Frameworks */ = {
			isa = PBXShellScriptBuildPhase;
			buildActionMask = 2147483647;
			files = (
			);
			inputPaths = (
			);
			name = "[CP] Embed Pods Frameworks";
			outputPaths = (
			);
			runOnlyForDeploymentPostprocessing = 0;
			shellPath = /bin/sh;
			shellScript = "\"${SRCROOT}/Pods/Target Support Files/Pods-rainyshiny/Pods-rainyshiny-frameworks.sh\"\n";
			showEnvVarsInLog = 0;
		};
		6C5C5594034003AA70BB5BA6 /* [CP] Copy Pods Resources */ = {
			isa = PBXShellScriptBuildPhase;
			buildActionMask = 2147483647;
			files = (
			);
			inputPaths = (
			);
			name = "[CP] Copy Pods Resources";
			outputPaths = (
			);
			runOnlyForDeploymentPostprocessing = 0;
			shellPath = /bin/sh;
			shellScript = "\"${SRCROOT}/Pods/Target Support Files/Pods-rainyshiny/Pods-rainyshiny-resources.sh\"\n";
			showEnvVarsInLog = 0;
		};
/* End PBXShellScriptBuildPhase section */

/* Begin PBXSourcesBuildPhase section */
		022670A91F1E1F9100B56E1A /* Sources */ = {
			isa = PBXSourcesBuildPhase;
			buildActionMask = 2147483647;
			files = (
				022670B31F1E1F9100B56E1A /* WeatherVC.swift in Sources */,
				022670B11F1E1F9100B56E1A /* AppDelegate.swift in Sources */,
				02592E481F1F7A4D00AF89AC /* WeatherCell.swift in Sources */,
				02592E441F1E5B0900AF89AC /* CurrentWeather.swift in Sources */,
				02592E421F1E58C400AF89AC /* Constants.swift in Sources */,
				02592E461F1F70DC00AF89AC /* Forecast.swift in Sources */,
				02592E4A1F1F80FC00AF89AC /* Location.swift in Sources */,
			);
			runOnlyForDeploymentPostprocessing = 0;
		};
/* End PBXSourcesBuildPhase section */

/* Begin PBXVariantGroup section */
		022670B41F1E1F9100B56E1A /* Main.storyboard */ = {
			isa = PBXVariantGroup;
			children = (
				022670B51F1E1F9100B56E1A /* Base */,
			);
			name = Main.storyboard;
			sourceTree = "<group>";
		};
		022670B91F1E1F9100B56E1A /* LaunchScreen.storyboard */ = {
			isa = PBXVariantGroup;
			children = (
				022670BA1F1E1F9100B56E1A /* Base */,
			);
			name = LaunchScreen.storyboard;
			sourceTree = "<group>";
		};
/* End PBXVariantGroup section */

/* Begin XCBuildConfiguration section */
		022670BD1F1E1F9100B56E1A /* Debug */ = {
			isa = XCBuildConfiguration;
			buildSettings = {
				ALWAYS_SEARCH_USER_PATHS = NO;
				CLANG_ANALYZER_NONNULL = YES;
				CLANG_ANALYZER_NUMBER_OBJECT_CONVERSION = YES_AGGRESSIVE;
				CLANG_CXX_LANGUAGE_STANDARD = "gnu++0x";
				CLANG_CXX_LIBRARY = "libc++";
				CLANG_ENABLE_MODULES = YES;
				CLANG_ENABLE_OBJC_ARC = YES;
				CLANG_WARN_BOOL_CONVERSION = YES;
				CLANG_WARN_CONSTANT_CONVERSION = YES;
				CLANG_WARN_DIRECT_OBJC_ISA_USAGE = YES_ERROR;
				CLANG_WARN_DOCUMENTATION_COMMENTS = YES;
				CLANG_WARN_EMPTY_BODY = YES;
				CLANG_WARN_ENUM_CONVERSION = YES;
				CLANG_WARN_INFINITE_RECURSION = YES;
				CLANG_WARN_INT_CONVERSION = YES;
				CLANG_WARN_OBJC_ROOT_CLASS = YES_ERROR;
				CLANG_WARN_SUSPICIOUS_MOVE = YES;
				CLANG_WARN_UNREACHABLE_CODE = YES;
				CLANG_WARN__DUPLICATE_METHOD_MATCH = YES;
				"CODE_SIGN_IDENTITY[sdk=iphoneos*]" = "iPhone Developer";
				COPY_PHASE_STRIP = NO;
				DEBUG_INFORMATION_FORMAT = dwarf;
				ENABLE_STRICT_OBJC_MSGSEND = YES;
				ENABLE_TESTABILITY = YES;
				GCC_C_LANGUAGE_STANDARD = gnu99;
				GCC_DYNAMIC_NO_PIC = NO;
				GCC_NO_COMMON_BLOCKS = YES;
				GCC_OPTIMIZATION_LEVEL = 0;
				GCC_PREPROCESSOR_DEFINITIONS = (
					"DEBUG=1",
					"$(inherited)",
				);
				GCC_WARN_64_TO_32_BIT_CONVERSION = YES;
				GCC_WARN_ABOUT_RETURN_TYPE = YES_ERROR;
				GCC_WARN_UNDECLARED_SELECTOR = YES;
				GCC_WARN_UNINITIALIZED_AUTOS = YES_AGGRESSIVE;
				GCC_WARN_UNUSED_FUNCTION = YES;
				GCC_WARN_UNUSED_VARIABLE = YES;
				IPHONEOS_DEPLOYMENT_TARGET = 10.3;
				MTL_ENABLE_DEBUG_INFO = YES;
				ONLY_ACTIVE_ARCH = YES;
				SDKROOT = iphoneos;
				SWIFT_ACTIVE_COMPILATION_CONDITIONS = DEBUG;
				SWIFT_OPTIMIZATION_LEVEL = "-Onone";
				TARGETED_DEVICE_FAMILY = "1,2";
			};
			name = Debug;
		};
		022670BE1F1E1F9100B56E1A /* Release */ = {
			isa = XCBuildConfiguration;
			buildSettings = {
				ALWAYS_SEARCH_USER_PATHS = NO;
				CLANG_ANALYZER_NONNULL = YES;
				CLANG_ANALYZER_NUMBER_OBJECT_CONVERSION = YES_AGGRESSIVE;
				CLANG_CXX_LANGUAGE_STANDARD = "gnu++0x";
				CLANG_CXX_LIBRARY = "libc++";
				CLANG_ENABLE_MODULES = YES;
				CLANG_ENABLE_OBJC_ARC = YES;
				CLANG_WARN_BOOL_CONVERSION = YES;
				CLANG_WARN_CONSTANT_CONVERSION = YES;
				CLANG_WARN_DIRECT_OBJC_ISA_USAGE = YES_ERROR;
				CLANG_WARN_DOCUMENTATION_COMMENTS = YES;
				CLANG_WARN_EMPTY_BODY = YES;
				CLANG_WARN_ENUM_CONVERSION = YES;
				CLANG_WARN_INFINITE_RECURSION = YES;
				CLANG_WARN_INT_CONVERSION = YES;
				CLANG_WARN_OBJC_ROOT_CLASS = YES_ERROR;
				CLANG_WARN_SUSPICIOUS_MOVE = YES;
				CLANG_WARN_UNREACHABLE_CODE = YES;
				CLANG_WARN__DUPLICATE_METHOD_MATCH = YES;
				"CODE_SIGN_IDENTITY[sdk=iphoneos*]" = "iPhone Developer";
				COPY_PHASE_STRIP = NO;
				DEBUG_INFORMATION_FORMAT = "dwarf-with-dsym";
				ENABLE_NS_ASSERTIONS = NO;
				ENABLE_STRICT_OBJC_MSGSEND = YES;
				GCC_C_LANGUAGE_STANDARD = gnu99;
				GCC_NO_COMMON_BLOCKS = YES;
				GCC_WARN_64_TO_32_BIT_CONVERSION = YES;
				GCC_WARN_ABOUT_RETURN_TYPE = YES_ERROR;
				GCC_WARN_UNDECLARED_SELECTOR = YES;
				GCC_WARN_UNINITIALIZED_AUTOS = YES_AGGRESSIVE;
				GCC_WARN_UNUSED_FUNCTION = YES;
				GCC_WARN_UNUSED_VARIABLE = YES;
				IPHONEOS_DEPLOYMENT_TARGET = 10.3;
				MTL_ENABLE_DEBUG_INFO = NO;
				SDKROOT = iphoneos;
				SWIFT_OPTIMIZATION_LEVEL = "-Owholemodule";
				TARGETED_DEVICE_FAMILY = "1,2";
				VALIDATE_PRODUCT = YES;
			};
			name = Release;
		};
		022670C01F1E1F9100B56E1A /* Debug */ = {
			isa = XCBuildConfiguration;
			baseConfigurationReference = 1B30BBFE5F85DC63D1286F95 /* Pods-rainyshiny.debug.xcconfig */;
			buildSettings = {
				ASSETCATALOG_COMPILER_APPICON_NAME = AppIcon;
				DEVELOPMENT_TEAM = 3T2KKSBXT7;
				INFOPLIST_FILE = rainyshiny/Info.plist;
				LD_RUNPATH_SEARCH_PATHS = "$(inherited) @executable_path/Frameworks";
				PRODUCT_BUNDLE_IDENTIFIER = heybaieti.rainyshiny;
				PRODUCT_NAME = "$(TARGET_NAME)";
				SWIFT_VERSION = 3.0;
				TARGETED_DEVICE_FAMILY = 1;
			};
			name = Debug;
		};
		022670C11F1E1F9100B56E1A /* Release */ = {
			isa = XCBuildConfiguration;
			baseConfigurationReference = 8FC8108293ECF8FE1B64D043 /* Pods-rainyshiny.release.xcconfig */;
			buildSettings = {
				ASSETCATALOG_COMPILER_APPICON_NAME = AppIcon;
				DEVELOPMENT_TEAM = 3T2KKSBXT7;
				INFOPLIST_FILE = rainyshiny/Info.plist;
				LD_RUNPATH_SEARCH_PATHS = "$(inherited) @executable_path/Frameworks";
				PRODUCT_BUNDLE_IDENTIFIER = heybaieti.rainyshiny;
				PRODUCT_NAME = "$(TARGET_NAME)";
				SWIFT_VERSION = 3.0;
				TARGETED_DEVICE_FAMILY = 1;
			};
			name = Release;
		};
/* End XCBuildConfiguration section */

/* Begin XCConfigurationList section */
		022670A81F1E1F9100B56E1A /* Build configuration list for PBXProject "rainyshiny" */ = {
			isa = XCConfigurationList;
			buildConfigurations = (
				022670BD1F1E1F9100B56E1A /* Debug */,
				022670BE1F1E1F9100B56E1A /* Release */,
			);
			defaultConfigurationIsVisible = 0;
			defaultConfigurationName = Release;
		};
		022670BF1F1E1F9100B56E1A /* Build configuration list for PBXNativeTarget "rainyshiny" */ = {
			isa = XCConfigurationList;
			buildConfigurations = (
				022670C01F1E1F9100B56E1A /* Debug */,
				022670C11F1E1F9100B56E1A /* Release */,
			);
			defaultConfigurationIsVisible = 0;
			defaultConfigurationName = Release;
		};
/* End XCConfigurationList section */
	};
	rootObject = 022670A51F1E1F9100B56E1A /* Project object */;
}
